
Microsoft Visual Studio Solution File, Format Version 12.00
# Visual Studio Version 17
VisualStudioVersion = 17.13.35931.197
MinimumVisualStudioVersion = 10.0.40219.1
Project("{FAE04EC0-301F-11D3-BF4B-00C04F79EFBC}") = "LaHuesera", "LaHuesera\LaHuesera.csproj", "{151BBB22-614A-4AEE-88B9-E3FF6C930469}"
EndProject
Project("{FAE04EC0-301F-11D3-BF4B-00C04F79EFBC}") = "Conector", "Conector\Conector.csproj", "{1CC12A6C-BCF2-4DBC-B9A3-88654593EEE7}"
EndProject
Global
	GlobalSection(SolutionConfigurationPlatforms) = preSolution
		Debug|Any CPU = Debug|Any CPU
		Release|Any CPU = Release|Any CPU
	EndGlobalSection
	GlobalSection(ProjectConfigurationPlatforms) = postSolution
		{151BBB22-614A-4AEE-88B9-E3FF6C930469}.Debug|Any CPU.ActiveCfg = Debug|Any CPU
		{151BBB22-614A-4AEE-88B9-E3FF6C930469}.Debug|Any CPU.Build.0 = Debug|Any CPU
		{151BBB22-614A-4AEE-88B9-E3FF6C930469}.Release|Any CPU.ActiveCfg = Release|Any CPU
		{151BBB22-614A-4AEE-88B9-E3FF6C930469}.Release|Any CPU.Build.0 = Release|Any CPU
		{1CC12A6C-BCF2-4DBC-B9A3-88654593EEE7}.Debug|Any CPU.ActiveCfg = Debug|Any CPU
		{1CC12A6C-BCF2-4DBC-B9A3-88654593EEE7}.Debug|Any CPU.Build.0 = Debug|Any CPU
		{1CC12A6C-BCF2-4DBC-B9A3-88654593EEE7}.Release|Any CPU.ActiveCfg = Release|Any CPU
		{1CC12A6C-BCF2-4DBC-B9A3-88654593EEE7}.Release|Any CPU.Build.0 = Release|Any CPU
	EndGlobalSection
	GlobalSection(SolutionProperties) = preSolution
		HideSolutionNode = FALSE
	EndGlobalSection
	GlobalSection(ExtensibilityGlobals) = postSolution
		SolutionGuid = {C43347CC-7508-4A9E-93FF-C35D27E457E7}
	EndGlobalSection
EndGlobal
